
Microsoft Visual Studio Solution File, Format Version 12.00
# Visual Studio Version 16
VisualStudioVersion = 25.0.1700.0
MinimumVisualStudioVersion = 10.0.40219.1
Project("{FAE04EC0-301F-11D3-BF4B-00C04F79EFBC}") = "TryDotNet6", "TryDotNet6\TryDotNet6.csproj", "{B185CAA7-1B2A-4AC8-A5B9-FA6275BCC939}"
EndProject
Global
	GlobalSection(SolutionConfigurationPlatforms) = preSolution
		Debug|Any CPU = Debug|Any CPU
		Release|Any CPU = Release|Any CPU
	EndGlobalSection
	GlobalSection(ProjectConfigurationPlatforms) = postSolution
		{B185CAA7-1B2A-4AC8-A5B9-FA6275BCC939}.Debug|Any CPU.ActiveCfg = Debug|Any CPU
		{B185CAA7-1B2A-4AC8-A5B9-FA6275BCC939}.Debug|Any CPU.Build.0 = Debug|Any CPU
		{B185CAA7-1B2A-4AC8-A5B9-FA6275BCC939}.Release|Any CPU.ActiveCfg = Release|Any CPU
		{B185CAA7-1B2A-4AC8-A5B9-FA6275BCC939}.Release|Any CPU.Build.0 = Release|Any CPU
	EndGlobalSection
	GlobalSection(SolutionProperties) = preSolution
		HideSolutionNode = FALSE
	EndGlobalSection
	GlobalSection(ExtensibilityGlobals) = postSolution
		SolutionGuid = {C72F39CE-90E9-4947-B58B-1FE13BB90E5D}
	EndGlobalSection
EndGlobal
